
Microsoft Visual Studio Solution File, Format Version 12.00
# Visual Studio Version 17
VisualStudioVersion = 17.8.34408.163
MinimumVisualStudioVersion = 10.0.40219.1
Project("{FAE04EC0-301F-11D3-BF4B-00C04F79EFBC}") = "thinger.ModbusProjet", "thinger.ModbusProjet\thinger.ModbusProjet.csproj", "{9005546E-625D-449B-A652-57B31EAE5F27}"
EndProject
Project("{FAE04EC0-301F-11D3-BF4B-00C04F79EFBC}") = "thinger.ModbusRTULib", "thinger.ModbusRTULib\thinger.ModbusRTULib.csproj", "{128610D0-9A65-4373-9E87-189253325219}"
EndProject
Global
	GlobalSection(SolutionConfigurationPlatforms) = preSolution
		Debug|Any CPU = Debug|Any CPU
		Release|Any CPU = Release|Any CPU
	EndGlobalSection
	GlobalSection(ProjectConfigurationPlatforms) = postSolution
		{9005546E-625D-449B-A652-57B31EAE5F27}.Debug|Any CPU.ActiveCfg = Debug|Any CPU
		{9005546E-625D-449B-A652-57B31EAE5F27}.Debug|Any CPU.Build.0 = Debug|Any CPU
		{9005546E-625D-449B-A652-57B31EAE5F27}.Release|Any CPU.ActiveCfg = Release|Any CPU
		{9005546E-625D-449B-A652-57B31EAE5F27}.Release|Any CPU.Build.0 = Release|Any CPU
		{128610D0-9A65-4373-9E87-189253325219}.Debug|Any CPU.ActiveCfg = Debug|Any CPU
		{128610D0-9A65-4373-9E87-189253325219}.Debug|Any CPU.Build.0 = Debug|Any CPU
		{128610D0-9A65-4373-9E87-189253325219}.Release|Any CPU.ActiveCfg = Release|Any CPU
		{128610D0-9A65-4373-9E87-189253325219}.Release|Any CPU.Build.0 = Release|Any CPU
	EndGlobalSection
	GlobalSection(SolutionProperties) = preSolution
		HideSolutionNode = FALSE
	EndGlobalSection
	GlobalSection(ExtensibilityGlobals) = postSolution
		SolutionGuid = {4EAFE17B-E32B-40D7-B024-22918D076BD3}
	EndGlobalSection
EndGlobal
